
Microsoft Visual Studio Solution File, Format Version 12.00
# Visual Studio Version 17
VisualStudioVersion = 17.0.32014.148
MinimumVisualStudioVersion = 10.0.40219.1
Project("{2150E333-8FDC-42A3-9474-1A3956D46DE8}") = "src", "src", "{053FF3F9-8AAA-49D2-9273-F4F2C0E90661}"
EndProject
Project("{9A19103F-16F7-4668-BE54-9A1E7A4F7556}") = "OrderManagement.UI", "src\OrderManagement.UI\OrderManagement.UI.csproj", "{15FDD15E-46FE-40EB-A6A6-237C874536CE}"
EndProject
Project("{9A19103F-16F7-4668-BE54-9A1E7A4F7556}") = "OrderManagement.Domain", "src\OrderManagement.Domain\OrderManagement.Domain.csproj", "{25ED9A5E-5E8F-46DC-9484-AD3952834109}"
EndProject
Project("{9A19103F-16F7-4668-BE54-9A1E7A4F7556}") = "OrderManagement.Data", "src\OrderManagement.Data\OrderManagement.Data.csproj", "{E31446EB-E19D-454C-A1E6-B79F7153BE63}"
EndProject
Project("{9A19103F-16F7-4668-BE54-9A1E7A4F7556}") = "OrderManagement.Repository", "src\OrderManagement.Repository\OrderManagement.Repository.csproj", "{B43DE72C-1FE1-4398-8AED-AC92725F4B75}"
EndProject
Project("{9A19103F-16F7-4668-BE54-9A1E7A4F7556}") = "OrderManagement.UI.Razor", "src\OrderManagement.UI.Razor\OrderManagement.UI.Razor.csproj", "{E189F4FE-965E-43FA-9B6E-9E5554696203}"
EndProject
Global
	GlobalSection(SolutionConfigurationPlatforms) = preSolution
		Debug|Any CPU = Debug|Any CPU
		Release|Any CPU = Release|Any CPU
	EndGlobalSection
	GlobalSection(ProjectConfigurationPlatforms) = postSolution
		{15FDD15E-46FE-40EB-A6A6-237C874536CE}.Debug|Any CPU.ActiveCfg = Debug|Any CPU
		{15FDD15E-46FE-40EB-A6A6-237C874536CE}.Debug|Any CPU.Build.0 = Debug|Any CPU
		{15FDD15E-46FE-40EB-A6A6-237C874536CE}.Release|Any CPU.ActiveCfg = Release|Any CPU
		{15FDD15E-46FE-40EB-A6A6-237C874536CE}.Release|Any CPU.Build.0 = Release|Any CPU
		{25ED9A5E-5E8F-46DC-9484-AD3952834109}.Debug|Any CPU.ActiveCfg = Debug|Any CPU
		{25ED9A5E-5E8F-46DC-9484-AD3952834109}.Debug|Any CPU.Build.0 = Debug|Any CPU
		{25ED9A5E-5E8F-46DC-9484-AD3952834109}.Release|Any CPU.ActiveCfg = Release|Any CPU
		{25ED9A5E-5E8F-46DC-9484-AD3952834109}.Release|Any CPU.Build.0 = Release|Any CPU
		{E31446EB-E19D-454C-A1E6-B79F7153BE63}.Debug|Any CPU.ActiveCfg = Debug|Any CPU
		{E31446EB-E19D-454C-A1E6-B79F7153BE63}.Debug|Any CPU.Build.0 = Debug|Any CPU
		{E31446EB-E19D-454C-A1E6-B79F7153BE63}.Release|Any CPU.ActiveCfg = Release|Any CPU
		{E31446EB-E19D-454C-A1E6-B79F7153BE63}.Release|Any CPU.Build.0 = Release|Any CPU
		{B43DE72C-1FE1-4398-8AED-AC92725F4B75}.Debug|Any CPU.ActiveCfg = Debug|Any CPU
		{B43DE72C-1FE1-4398-8AED-AC92725F4B75}.Debug|Any CPU.Build.0 = Debug|Any CPU
		{B43DE72C-1FE1-4398-8AED-AC92725F4B75}.Release|Any CPU.ActiveCfg = Release|Any CPU
		{B43DE72C-1FE1-4398-8AED-AC92725F4B75}.Release|Any CPU.Build.0 = Release|Any CPU
		{E189F4FE-965E-43FA-9B6E-9E5554696203}.Debug|Any CPU.ActiveCfg = Debug|Any CPU
		{E189F4FE-965E-43FA-9B6E-9E5554696203}.Debug|Any CPU.Build.0 = Debug|Any CPU
		{E189F4FE-965E-43FA-9B6E-9E5554696203}.Release|Any CPU.ActiveCfg = Release|Any CPU
		{E189F4FE-965E-43FA-9B6E-9E5554696203}.Release|Any CPU.Build.0 = Release|Any CPU
	EndGlobalSection
	GlobalSection(SolutionProperties) = preSolution
		HideSolutionNode = FALSE
	EndGlobalSection
	GlobalSection(NestedProjects) = preSolution
		{15FDD15E-46FE-40EB-A6A6-237C874536CE} = {053FF3F9-8AAA-49D2-9273-F4F2C0E90661}
		{25ED9A5E-5E8F-46DC-9484-AD3952834109} = {053FF3F9-8AAA-49D2-9273-F4F2C0E90661}
		{E31446EB-E19D-454C-A1E6-B79F7153BE63} = {053FF3F9-8AAA-49D2-9273-F4F2C0E90661}
		{B43DE72C-1FE1-4398-8AED-AC92725F4B75} = {053FF3F9-8AAA-49D2-9273-F4F2C0E90661}
		{E189F4FE-965E-43FA-9B6E-9E5554696203} = {053FF3F9-8AAA-49D2-9273-F4F2C0E90661}
	EndGlobalSection
	GlobalSection(ExtensibilityGlobals) = postSolution
		SolutionGuid = {E3D14951-AF6C-4E30-B5CF-6596E49B621C}
	EndGlobalSection
EndGlobal
